// !$*UTF8*$!
{
	archiveVersion = 1;
	classes = {
	};
	objectVersion = 56;
	objects = {

/* Begin PBXBuildFile section */
		F00EC60A2C377EC900AF1237 /* PredictItWidgetApp.swift in Sources */ = {isa = PBXBuildFile; fileRef = F00EC6092C377EC900AF1237 /* PredictItWidgetApp.swift */; };
		F00EC60C2C377EC900AF1237 /* ContentView.swift in Sources */ = {isa = PBXBuildFile; fileRef = F00EC60B2C377EC900AF1237 /* ContentView.swift */; };
		F00EC60E2C377ECA00AF1237 /* Assets.xcassets in Resources */ = {isa = PBXBuildFile; fileRef = F00EC60D2C377ECA00AF1237 /* Assets.xcassets */; };
		F00EC6112C377ECA00AF1237 /* Preview Assets.xcassets in Resources */ = {isa = PBXBuildFile; fileRef = F00EC6102C377ECA00AF1237 /* Preview Assets.xcassets */; };
		F00EC61B2C377ECA00AF1237 /* PredictItWidgetTests.swift in Sources */ = {isa = PBXBuildFile; fileRef = F00EC61A2C377ECA00AF1237 /* PredictItWidgetTests.swift */; };
		F00EC6252C377ECA00AF1237 /* PredictItWidgetUITests.swift in Sources */ = {isa = PBXBuildFile; fileRef = F00EC6242C377ECA00AF1237 /* PredictItWidgetUITests.swift */; };
		F00EC6272C377ECA00AF1237 /* PredictItWidgetUITestsLaunchTests.swift in Sources */ = {isa = PBXBuildFile; fileRef = F00EC6262C377ECA00AF1237 /* PredictItWidgetUITestsLaunchTests.swift */; };
		F00EC6372C3791D000AF1237 /* PredictItAPI.swift in Sources */ = {isa = PBXBuildFile; fileRef = F00EC6362C3791D000AF1237 /* PredictItAPI.swift */; };
		F00EC6492C3892A800AF1237 /* MarketListView.swift in Sources */ = {isa = PBXBuildFile; fileRef = F00EC6482C3892A800AF1237 /* MarketListView.swift */; };
		F00EC64B2C38969500AF1237 /* MarketContractListView.swift in Sources */ = {isa = PBXBuildFile; fileRef = F00EC64A2C38969500AF1237 /* MarketContractListView.swift */; };
		F00EC64D2C38E52F00AF1237 /* 7057.json in Resources */ = {isa = PBXBuildFile; fileRef = F00EC64C2C38E52F00AF1237 /* 7057.json */; };
		F00EC64F2C38E55000AF1237 /* all.json in Resources */ = {isa = PBXBuildFile; fileRef = F00EC64E2C38E55000AF1237 /* all.json */; };
		F00EC6512C38E57100AF1237 /* PIJSONMarket.swift in Sources */ = {isa = PBXBuildFile; fileRef = F00EC6502C38E57100AF1237 /* PIJSONMarket.swift */; };
		F00EC6532C38E63B00AF1237 /* PIJSONMarketContract.swift in Sources */ = {isa = PBXBuildFile; fileRef = F00EC6522C38E63B00AF1237 /* PIJSONMarketContract.swift */; };
		F00EC65B2C3A386E00AF1237 /* WidgetKit.framework in Frameworks */ = {isa = PBXBuildFile; fileRef = F00EC65A2C3A386E00AF1237 /* WidgetKit.framework */; };
		F00EC65D2C3A386E00AF1237 /* SwiftUI.framework in Frameworks */ = {isa = PBXBuildFile; fileRef = F00EC65C2C3A386E00AF1237 /* SwiftUI.framework */; };
		F00EC6602C3A386E00AF1237 /* PredictionMarketWidgetBundle.swift in Sources */ = {isa = PBXBuildFile; fileRef = F00EC65F2C3A386E00AF1237 /* PredictionMarketWidgetBundle.swift */; };
		F00EC6622C3A386E00AF1237 /* PredictionMarketWidget.swift in Sources */ = {isa = PBXBuildFile; fileRef = F00EC6612C3A386E00AF1237 /* PredictionMarketWidget.swift */; };
		F00EC6642C3A386E00AF1237 /* AppIntent.swift in Sources */ = {isa = PBXBuildFile; fileRef = F00EC6632C3A386E00AF1237 /* AppIntent.swift */; };
		F00EC6662C3A387000AF1237 /* Assets.xcassets in Resources */ = {isa = PBXBuildFile; fileRef = F00EC6652C3A387000AF1237 /* Assets.xcassets */; };
		F00EC66A2C3A387000AF1237 /* PredictionMarketWidgetExtension.appex in Embed Foundation Extensions */ = {isa = PBXBuildFile; fileRef = F00EC6582C3A386E00AF1237 /* PredictionMarketWidgetExtension.appex */; settings = {ATTRIBUTES = (RemoveHeadersOnCopy, ); }; };
		F00EC6712C3A44D500AF1237 /* PredictItAPI.swift in Sources */ = {isa = PBXBuildFile; fileRef = F00EC6362C3791D000AF1237 /* PredictItAPI.swift */; };
		F00EC6722C3A451D00AF1237 /* PIJSONMarketContract.swift in Sources */ = {isa = PBXBuildFile; fileRef = F00EC6522C38E63B00AF1237 /* PIJSONMarketContract.swift */; };
		F00EC6732C3A452100AF1237 /* PIJSONMarket.swift in Sources */ = {isa = PBXBuildFile; fileRef = F00EC6502C38E57100AF1237 /* PIJSONMarket.swift */; };
		F00EC67C2C3B4B2B00AF1237 /* UserDefaultsExtensions.swift in Sources */ = {isa = PBXBuildFile; fileRef = F00EC67B2C3B4B2B00AF1237 /* UserDefaultsExtensions.swift */; };
		F00EC67E2C3B4F5A00AF1237 /* UserDefaultsExtensions.swift in Sources */ = {isa = PBXBuildFile; fileRef = F00EC67B2C3B4B2B00AF1237 /* UserDefaultsExtensions.swift */; };
		F00EC6822C3C87E000AF1237 /* TimestampContainerView.swift in Sources */ = {isa = PBXBuildFile; fileRef = F00EC6802C3C87AE00AF1237 /* TimestampContainerView.swift */; };
		F00EC6892C3DD10D00AF1237 /* PreviousMarketDataModel.swift in Sources */ = {isa = PBXBuildFile; fileRef = F00EC6872C3DD10D00AF1237 /* PreviousMarketDataModel.swift */; };
		F00EC68C2C3DD18300AF1237 /* ContractEntryModel.swift in Sources */ = {isa = PBXBuildFile; fileRef = F00EC68A2C3DD18300AF1237 /* ContractEntryModel.swift */; };
		F00EC6902C3DDB3B00AF1237 /* DBTests.swift in Sources */ = {isa = PBXBuildFile; fileRef = F00EC68D2C3DDA2300AF1237 /* DBTests.swift */; };
		F00EC6912C3DDC1F00AF1237 /* PreviousMarketDataModel.swift in Sources */ = {isa = PBXBuildFile; fileRef = F00EC6872C3DD10D00AF1237 /* PreviousMarketDataModel.swift */; };
		F00EC6922C3DDC2B00AF1237 /* ContractEntryModel.swift in Sources */ = {isa = PBXBuildFile; fileRef = F00EC68A2C3DD18300AF1237 /* ContractEntryModel.swift */; };
		F00EC6942C3EF6E400AF1237 /* PredictionMarketWidgetEntryView.swift in Sources */ = {isa = PBXBuildFile; fileRef = F00EC6932C3EF6E400AF1237 /* PredictionMarketWidgetEntryView.swift */; };
		F00EC6952C3EF6E400AF1237 /* PredictionMarketWidgetEntryView.swift in Sources */ = {isa = PBXBuildFile; fileRef = F00EC6932C3EF6E400AF1237 /* PredictionMarketWidgetEntryView.swift */; };
		F00EC6962C3EF82800AF1237 /* TimestampContainerView.swift in Sources */ = {isa = PBXBuildFile; fileRef = F00EC6802C3C87AE00AF1237 /* TimestampContainerView.swift */; };
		F00EC6992C3EFB7A00AF1237 /* PriceValueView.swift in Sources */ = {isa = PBXBuildFile; fileRef = F00EC6982C3EFB7A00AF1237 /* PriceValueView.swift */; };
		F00EC69A2C3EFB7A00AF1237 /* PriceValueView.swift in Sources */ = {isa = PBXBuildFile; fileRef = F00EC6982C3EFB7A00AF1237 /* PriceValueView.swift */; };
		F00EC69F2C41900600AF1237 /* CacheActorTests.swift in Sources */ = {isa = PBXBuildFile; fileRef = F00EC69E2C41900600AF1237 /* CacheActorTests.swift */; };
		F00EC6A12C4192CA00AF1237 /* CacheActor.swift in Sources */ = {isa = PBXBuildFile; fileRef = F00EC6A02C4192CA00AF1237 /* CacheActor.swift */; };
		F00EC6A22C4192CA00AF1237 /* CacheActor.swift in Sources */ = {isa = PBXBuildFile; fileRef = F00EC6A02C4192CA00AF1237 /* CacheActor.swift */; };
		F00EC6A32C437B9E00AF1237 /* AppIntent.swift in Sources */ = {isa = PBXBuildFile; fileRef = F00EC6632C3A386E00AF1237 /* AppIntent.swift */; };
		F00EC6A52C437E2E00AF1237 /* MarketEntryModel.swift in Sources */ = {isa = PBXBuildFile; fileRef = F00EC6A42C437E2E00AF1237 /* MarketEntryModel.swift */; };
		F00EC6A62C437E2E00AF1237 /* MarketEntryModel.swift in Sources */ = {isa = PBXBuildFile; fileRef = F00EC6A42C437E2E00AF1237 /* MarketEntryModel.swift */; };
		F00EC6A82C44774100AF1237 /* TimelineProvider.swift in Sources */ = {isa = PBXBuildFile; fileRef = F00EC6A72C44774100AF1237 /* TimelineProvider.swift */; };
		F00EC6AA2C45CC6900AF1237 /* WidgetCache.swift in Sources */ = {isa = PBXBuildFile; fileRef = F00EC6A92C45CC6900AF1237 /* WidgetCache.swift */; };
		F029C7CC2C46D03D00380C8C /* WidgetCacheTests.swift in Sources */ = {isa = PBXBuildFile; fileRef = F029C7CB2C46D03D00380C8C /* WidgetCacheTests.swift */; };
		F029C7CD2C46D0F700380C8C /* WidgetCache.swift in Sources */ = {isa = PBXBuildFile; fileRef = F00EC6A92C45CC6900AF1237 /* WidgetCache.swift */; };
		F029C7CF2C47191F00380C8C /* TimelineProviderTests.swift in Sources */ = {isa = PBXBuildFile; fileRef = F029C7CE2C47191F00380C8C /* TimelineProviderTests.swift */; };
		F029C7D02C471AE100380C8C /* TimelineProvider.swift in Sources */ = {isa = PBXBuildFile; fileRef = F00EC6A72C44774100AF1237 /* TimelineProvider.swift */; };
		F029C7D22C48675100380C8C /* 8069_archived.json in Resources */ = {isa = PBXBuildFile; fileRef = F029C7D12C48675100380C8C /* 8069_archived.json */; };
		F029C7D52C486B2D00380C8C /* WidgetURL.swift in Sources */ = {isa = PBXBuildFile; fileRef = F029C7D42C486B2D00380C8C /* WidgetURL.swift */; };
		F029C7D62C486B2D00380C8C /* WidgetURL.swift in Sources */ = {isa = PBXBuildFile; fileRef = F029C7D42C486B2D00380C8C /* WidgetURL.swift */; };
		F029C7D82C486F4300380C8C /* AppViewModel.swift in Sources */ = {isa = PBXBuildFile; fileRef = F029C7D72C486F4300380C8C /* AppViewModel.swift */; };
		F029C7D92C486F4300380C8C /* AppViewModel.swift in Sources */ = {isa = PBXBuildFile; fileRef = F029C7D72C486F4300380C8C /* AppViewModel.swift */; };
		F029C7DB2C49B7EF00380C8C /* MarketArchivedView.swift in Sources */ = {isa = PBXBuildFile; fileRef = F029C7DA2C49B7EF00380C8C /* MarketArchivedView.swift */; };
		F029C7DC2C49B7EF00380C8C /* MarketArchivedView.swift in Sources */ = {isa = PBXBuildFile; fileRef = F029C7DA2C49B7EF00380C8C /* MarketArchivedView.swift */; };
		F029C7DF2C49B9EF00380C8C /* ViewExtensions.swift in Sources */ = {isa = PBXBuildFile; fileRef = F029C7DE2C49B9EF00380C8C /* ViewExtensions.swift */; };
		F029C7E02C49B9EF00380C8C /* ViewExtensions.swift in Sources */ = {isa = PBXBuildFile; fileRef = F029C7DE2C49B9EF00380C8C /* ViewExtensions.swift */; };
		F029C7E22C49C16100380C8C /* NSDataAssetExtensions.swift in Sources */ = {isa = PBXBuildFile; fileRef = F029C7E12C49C16100380C8C /* NSDataAssetExtensions.swift */; };
		F029C7E32C49C16100380C8C /* NSDataAssetExtensions.swift in Sources */ = {isa = PBXBuildFile; fileRef = F029C7E12C49C16100380C8C /* NSDataAssetExtensions.swift */; };
/* End PBXBuildFile section */

/* Begin PBXContainerItemProxy section */
		F00EC6172C377ECA00AF1237 /* PBXContainerItemProxy */ = {
			isa = PBXContainerItemProxy;
			containerPortal = F00EC5FE2C377EC900AF1237 /* Project object */;
			proxyType = 1;
			remoteGlobalIDString = F00EC6052C377EC900AF1237;
			remoteInfo = PredictItWidget;
		};
		F00EC6212C377ECA00AF1237 /* PBXContainerItemProxy */ = {
			isa = PBXContainerItemProxy;
			containerPortal = F00EC5FE2C377EC900AF1237 /* Project object */;
			proxyType = 1;
			remoteGlobalIDString = F00EC6052C377EC900AF1237;
			remoteInfo = PredictItWidget;
		};
		F00EC6682C3A387000AF1237 /* PBXContainerItemProxy */ = {
			isa = PBXContainerItemProxy;
			containerPortal = F00EC5FE2C377EC900AF1237 /* Project object */;
			proxyType = 1;
			remoteGlobalIDString = F00EC6572C3A386E00AF1237;
			remoteInfo = PredictionMarketWidgetExtension;
		};
/* End PBXContainerItemProxy section */

/* Begin PBXCopyFilesBuildPhase section */
		F00EC66E2C3A387000AF1237 /* Embed Foundation Extensions */ = {
			isa = PBXCopyFilesBuildPhase;
			buildActionMask = 2147483647;
			dstPath = "";
			dstSubfolderSpec = 13;
			files = (
				F00EC66A2C3A387000AF1237 /* PredictionMarketWidgetExtension.appex in Embed Foundation Extensions */,
			);
			name = "Embed Foundation Extensions";
			runOnlyForDeploymentPostprocessing = 0;
		};
/* End PBXCopyFilesBuildPhase section */

/* Begin PBXFileReference section */
		F00EC6062C377EC900AF1237 /* PredictItWidget.app */ = {isa = PBXFileReference; explicitFileType = wrapper.application; includeInIndex = 0; path = PredictItWidget.app; sourceTree = BUILT_PRODUCTS_DIR; };
		F00EC6092C377EC900AF1237 /* PredictItWidgetApp.swift */ = {isa = PBXFileReference; lastKnownFileType = sourcecode.swift; path = PredictItWidgetApp.swift; sourceTree = "<group>"; };
		F00EC60B2C377EC900AF1237 /* ContentView.swift */ = {isa = PBXFileReference; lastKnownFileType = sourcecode.swift; path = ContentView.swift; sourceTree = "<group>"; };
		F00EC60D2C377ECA00AF1237 /* Assets.xcassets */ = {isa = PBXFileReference; lastKnownFileType = folder.assetcatalog; path = Assets.xcassets; sourceTree = "<group>"; };
		F00EC6102C377ECA00AF1237 /* Preview Assets.xcassets */ = {isa = PBXFileReference; lastKnownFileType = folder.assetcatalog; path = "Preview Assets.xcassets"; sourceTree = "<group>"; };
		F00EC6162C377ECA00AF1237 /* PredictItWidgetTests.xctest */ = {isa = PBXFileReference; explicitFileType = wrapper.cfbundle; includeInIndex = 0; path = PredictItWidgetTests.xctest; sourceTree = BUILT_PRODUCTS_DIR; };
		F00EC61A2C377ECA00AF1237 /* PredictItWidgetTests.swift */ = {isa = PBXFileReference; lastKnownFileType = sourcecode.swift; path = PredictItWidgetTests.swift; sourceTree = "<group>"; };
		F00EC6202C377ECA00AF1237 /* PredictItWidgetUITests.xctest */ = {isa = PBXFileReference; explicitFileType = wrapper.cfbundle; includeInIndex = 0; path = PredictItWidgetUITests.xctest; sourceTree = BUILT_PRODUCTS_DIR; };
		F00EC6242C377ECA00AF1237 /* PredictItWidgetUITests.swift */ = {isa = PBXFileReference; lastKnownFileType = sourcecode.swift; path = PredictItWidgetUITests.swift; sourceTree = "<group>"; };
		F00EC6262C377ECA00AF1237 /* PredictItWidgetUITestsLaunchTests.swift */ = {isa = PBXFileReference; lastKnownFileType = sourcecode.swift; path = PredictItWidgetUITestsLaunchTests.swift; sourceTree = "<group>"; };
		F00EC6362C3791D000AF1237 /* PredictItAPI.swift */ = {isa = PBXFileReference; lastKnownFileType = sourcecode.swift; path = PredictItAPI.swift; sourceTree = "<group>"; };
		F00EC6482C3892A800AF1237 /* MarketListView.swift */ = {isa = PBXFileReference; lastKnownFileType = sourcecode.swift; path = MarketListView.swift; sourceTree = "<group>"; };
		F00EC64A2C38969500AF1237 /* MarketContractListView.swift */ = {isa = PBXFileReference; lastKnownFileType = sourcecode.swift; path = MarketContractListView.swift; sourceTree = "<group>"; };
		F00EC64C2C38E52F00AF1237 /* 7057.json */ = {isa = PBXFileReference; fileEncoding = 4; lastKnownFileType = text.json; path = 7057.json; sourceTree = "<group>"; };
		F00EC64E2C38E55000AF1237 /* all.json */ = {isa = PBXFileReference; fileEncoding = 4; lastKnownFileType = text.json; path = all.json; sourceTree = "<group>"; };
		F00EC6502C38E57100AF1237 /* PIJSONMarket.swift */ = {isa = PBXFileReference; lastKnownFileType = sourcecode.swift; path = PIJSONMarket.swift; sourceTree = "<group>"; };
		F00EC6522C38E63B00AF1237 /* PIJSONMarketContract.swift */ = {isa = PBXFileReference; lastKnownFileType = sourcecode.swift; path = PIJSONMarketContract.swift; sourceTree = "<group>"; };
		F00EC6582C3A386E00AF1237 /* PredictionMarketWidgetExtension.appex */ = {isa = PBXFileReference; explicitFileType = "wrapper.app-extension"; includeInIndex = 0; path = PredictionMarketWidgetExtension.appex; sourceTree = BUILT_PRODUCTS_DIR; };
		F00EC65A2C3A386E00AF1237 /* WidgetKit.framework */ = {isa = PBXFileReference; lastKnownFileType = wrapper.framework; name = WidgetKit.framework; path = System/Library/Frameworks/WidgetKit.framework; sourceTree = SDKROOT; };
		F00EC65C2C3A386E00AF1237 /* SwiftUI.framework */ = {isa = PBXFileReference; lastKnownFileType = wrapper.framework; name = SwiftUI.framework; path = System/Library/Frameworks/SwiftUI.framework; sourceTree = SDKROOT; };
		F00EC65F2C3A386E00AF1237 /* PredictionMarketWidgetBundle.swift */ = {isa = PBXFileReference; lastKnownFileType = sourcecode.swift; path = PredictionMarketWidgetBundle.swift; sourceTree = "<group>"; };
		F00EC6612C3A386E00AF1237 /* PredictionMarketWidget.swift */ = {isa = PBXFileReference; lastKnownFileType = sourcecode.swift; path = PredictionMarketWidget.swift; sourceTree = "<group>"; };
		F00EC6632C3A386E00AF1237 /* AppIntent.swift */ = {isa = PBXFileReference; lastKnownFileType = sourcecode.swift; path = AppIntent.swift; sourceTree = "<group>"; };
		F00EC6652C3A387000AF1237 /* Assets.xcassets */ = {isa = PBXFileReference; lastKnownFileType = folder.assetcatalog; path = Assets.xcassets; sourceTree = "<group>"; };
		F00EC6672C3A387000AF1237 /* Info.plist */ = {isa = PBXFileReference; lastKnownFileType = text.plist.xml; path = Info.plist; sourceTree = "<group>"; };
		F00EC6792C3B4AB000AF1237 /* PredictItWidget.entitlements */ = {isa = PBXFileReference; lastKnownFileType = text.plist.entitlements; path = PredictItWidget.entitlements; sourceTree = "<group>"; };
		F00EC67B2C3B4B2B00AF1237 /* UserDefaultsExtensions.swift */ = {isa = PBXFileReference; lastKnownFileType = sourcecode.swift; path = UserDefaultsExtensions.swift; sourceTree = "<group>"; };
		F00EC67F2C3B50E400AF1237 /* PredictionMarketWidgetExtension.entitlements */ = {isa = PBXFileReference; lastKnownFileType = text.plist.entitlements; path = PredictionMarketWidgetExtension.entitlements; sourceTree = "<group>"; };
		F00EC6802C3C87AE00AF1237 /* TimestampContainerView.swift */ = {isa = PBXFileReference; lastKnownFileType = sourcecode.swift; path = TimestampContainerView.swift; sourceTree = "<group>"; };
		F00EC6872C3DD10D00AF1237 /* PreviousMarketDataModel.swift */ = {isa = PBXFileReference; lastKnownFileType = sourcecode.swift; path = PreviousMarketDataModel.swift; sourceTree = "<group>"; };
		F00EC68A2C3DD18300AF1237 /* ContractEntryModel.swift */ = {isa = PBXFileReference; lastKnownFileType = sourcecode.swift; path = ContractEntryModel.swift; sourceTree = "<group>"; };
		F00EC68D2C3DDA2300AF1237 /* DBTests.swift */ = {isa = PBXFileReference; lastKnownFileType = sourcecode.swift; path = DBTests.swift; sourceTree = "<group>"; };
		F00EC6932C3EF6E400AF1237 /* PredictionMarketWidgetEntryView.swift */ = {isa = PBXFileReference; lastKnownFileType = sourcecode.swift; path = PredictionMarketWidgetEntryView.swift; sourceTree = "<group>"; };
		F00EC6982C3EFB7A00AF1237 /* PriceValueView.swift */ = {isa = PBXFileReference; lastKnownFileType = sourcecode.swift; path = PriceValueView.swift; sourceTree = "<group>"; };
		F00EC69E2C41900600AF1237 /* CacheActorTests.swift */ = {isa = PBXFileReference; lastKnownFileType = sourcecode.swift; path = CacheActorTests.swift; sourceTree = "<group>"; };
		F00EC6A02C4192CA00AF1237 /* CacheActor.swift */ = {isa = PBXFileReference; lastKnownFileType = sourcecode.swift; path = CacheActor.swift; sourceTree = "<group>"; };
		F00EC6A42C437E2E00AF1237 /* MarketEntryModel.swift */ = {isa = PBXFileReference; lastKnownFileType = sourcecode.swift; path = MarketEntryModel.swift; sourceTree = "<group>"; };
		F00EC6A72C44774100AF1237 /* TimelineProvider.swift */ = {isa = PBXFileReference; lastKnownFileType = sourcecode.swift; path = TimelineProvider.swift; sourceTree = "<group>"; };
		F00EC6A92C45CC6900AF1237 /* WidgetCache.swift */ = {isa = PBXFileReference; lastKnownFileType = sourcecode.swift; path = WidgetCache.swift; sourceTree = "<group>"; };
		F00EC6AB2C45D36D00AF1237 /* Info.plist */ = {isa = PBXFileReference; lastKnownFileType = text.plist; path = Info.plist; sourceTree = "<group>"; };
		F029C7CB2C46D03D00380C8C /* WidgetCacheTests.swift */ = {isa = PBXFileReference; lastKnownFileType = sourcecode.swift; path = WidgetCacheTests.swift; sourceTree = "<group>"; };
		F029C7CE2C47191F00380C8C /* TimelineProviderTests.swift */ = {isa = PBXFileReference; lastKnownFileType = sourcecode.swift; path = TimelineProviderTests.swift; sourceTree = "<group>"; };
		F029C7D12C48675100380C8C /* 8069_archived.json */ = {isa = PBXFileReference; fileEncoding = 4; lastKnownFileType = text.json; path = 8069_archived.json; sourceTree = "<group>"; };
		F029C7D42C486B2D00380C8C /* WidgetURL.swift */ = {isa = PBXFileReference; lastKnownFileType = sourcecode.swift; path = WidgetURL.swift; sourceTree = "<group>"; };
		F029C7D72C486F4300380C8C /* AppViewModel.swift */ = {isa = PBXFileReference; lastKnownFileType = sourcecode.swift; path = AppViewModel.swift; sourceTree = "<group>"; };
		F029C7DA2C49B7EF00380C8C /* MarketArchivedView.swift */ = {isa = PBXFileReference; lastKnownFileType = sourcecode.swift; path = MarketArchivedView.swift; sourceTree = "<group>"; };
		F029C7DE2C49B9EF00380C8C /* ViewExtensions.swift */ = {isa = PBXFileReference; lastKnownFileType = sourcecode.swift; path = ViewExtensions.swift; sourceTree = "<group>"; };
		F029C7E12C49C16100380C8C /* NSDataAssetExtensions.swift */ = {isa = PBXFileReference; lastKnownFileType = sourcecode.swift; path = NSDataAssetExtensions.swift; sourceTree = "<group>"; };
/* End PBXFileReference section */

/* Begin PBXFrameworksBuildPhase section */
		F00EC6032C377EC900AF1237 /* Frameworks */ = {
			isa = PBXFrameworksBuildPhase;
			buildActionMask = 2147483647;
			files = (
			);
			runOnlyForDeploymentPostprocessing = 0;
		};
		F00EC6132C377ECA00AF1237 /* Frameworks */ = {
			isa = PBXFrameworksBuildPhase;
			buildActionMask = 2147483647;
			files = (
			);
			runOnlyForDeploymentPostprocessing = 0;
		};
		F00EC61D2C377ECA00AF1237 /* Frameworks */ = {
			isa = PBXFrameworksBuildPhase;
			buildActionMask = 2147483647;
			files = (
			);
			runOnlyForDeploymentPostprocessing = 0;
		};
		F00EC6552C3A386E00AF1237 /* Frameworks */ = {
			isa = PBXFrameworksBuildPhase;
			buildActionMask = 2147483647;
			files = (
				F00EC65D2C3A386E00AF1237 /* SwiftUI.framework in Frameworks */,
				F00EC65B2C3A386E00AF1237 /* WidgetKit.framework in Frameworks */,
			);
			runOnlyForDeploymentPostprocessing = 0;
		};
/* End PBXFrameworksBuildPhase section */

/* Begin PBXGroup section */
		F00EC5FD2C377EC900AF1237 = {
			isa = PBXGroup;
			children = (
				F00EC67F2C3B50E400AF1237 /* PredictionMarketWidgetExtension.entitlements */,
				F00EC6082C377EC900AF1237 /* PredictItWidget */,
				F00EC6192C377ECA00AF1237 /* PredictItWidgetTests */,
				F00EC6232C377ECA00AF1237 /* PredictItWidgetUITests */,
				F00EC65E2C3A386E00AF1237 /* PredictionMarketWidget */,
				F00EC6592C3A386E00AF1237 /* Frameworks */,
				F00EC6072C377EC900AF1237 /* Products */,
			);
			sourceTree = "<group>";
		};
		F00EC6072C377EC900AF1237 /* Products */ = {
			isa = PBXGroup;
			children = (
				F00EC6062C377EC900AF1237 /* PredictItWidget.app */,
				F00EC6162C377ECA00AF1237 /* PredictItWidgetTests.xctest */,
				F00EC6202C377ECA00AF1237 /* PredictItWidgetUITests.xctest */,
				F00EC6582C3A386E00AF1237 /* PredictionMarketWidgetExtension.appex */,
			);
			name = Products;
			sourceTree = "<group>";
		};
		F00EC6082C377EC900AF1237 /* PredictItWidget */ = {
			isa = PBXGroup;
			children = (
				F00EC6AB2C45D36D00AF1237 /* Info.plist */,
				F00EC6972C3EFB6500AF1237 /* Widget */,
				F00EC6852C3DD06D00AF1237 /* DB */,
				F00EC67A2C3B4B1F00AF1237 /* Extensions */,
				F00EC6792C3B4AB000AF1237 /* PredictItWidget.entitlements */,
				F00EC6472C38929D00AF1237 /* MarketList */,
				F00EC6332C3791BA00AF1237 /* API */,
				F00EC6092C377EC900AF1237 /* PredictItWidgetApp.swift */,
				F00EC60B2C377EC900AF1237 /* ContentView.swift */,
				F00EC60D2C377ECA00AF1237 /* Assets.xcassets */,
				F00EC60F2C377ECA00AF1237 /* Preview Content */,
				F00EC6802C3C87AE00AF1237 /* TimestampContainerView.swift */,
				F00EC6A02C4192CA00AF1237 /* CacheActor.swift */,
				F029C7D72C486F4300380C8C /* AppViewModel.swift */,
			);
			path = PredictItWidget;
			sourceTree = "<group>";
		};
		F00EC60F2C377ECA00AF1237 /* Preview Content */ = {
			isa = PBXGroup;
			children = (
				F00EC6102C377ECA00AF1237 /* Preview Assets.xcassets */,
			);
			path = "Preview Content";
			sourceTree = "<group>";
		};
		F00EC6192C377ECA00AF1237 /* PredictItWidgetTests */ = {
			isa = PBXGroup;
			children = (
				F00EC63E2C3794AB00AF1237 /* TestData */,
				F00EC61A2C377ECA00AF1237 /* PredictItWidgetTests.swift */,
				F00EC68D2C3DDA2300AF1237 /* DBTests.swift */,
				F00EC69E2C41900600AF1237 /* CacheActorTests.swift */,
				F029C7CB2C46D03D00380C8C /* WidgetCacheTests.swift */,
				F029C7CE2C47191F00380C8C /* TimelineProviderTests.swift */,
			);
			path = PredictItWidgetTests;
			sourceTree = "<group>";
		};
		F00EC6232C377ECA00AF1237 /* PredictItWidgetUITests */ = {
			isa = PBXGroup;
			children = (
				F00EC6242C377ECA00AF1237 /* PredictItWidgetUITests.swift */,
				F00EC6262C377ECA00AF1237 /* PredictItWidgetUITestsLaunchTests.swift */,
			);
			path = PredictItWidgetUITests;
			sourceTree = "<group>";
		};
		F00EC6332C3791BA00AF1237 /* API */ = {
			isa = PBXGroup;
			children = (
				F00EC6352C3791C500AF1237 /* PredictIt */,
			);
			path = API;
			sourceTree = "<group>";
		};
		F00EC6352C3791C500AF1237 /* PredictIt */ = {
			isa = PBXGroup;
			children = (
				F00EC63B2C3792D400AF1237 /* Models */,
				F00EC6362C3791D000AF1237 /* PredictItAPI.swift */,
			);
			path = PredictIt;
			sourceTree = "<group>";
		};
		F00EC63B2C3792D400AF1237 /* Models */ = {
			isa = PBXGroup;
			children = (
				F00EC6502C38E57100AF1237 /* PIJSONMarket.swift */,
				F00EC6522C38E63B00AF1237 /* PIJSONMarketContract.swift */,
			);
			path = Models;
			sourceTree = "<group>";
		};
		F00EC63E2C3794AB00AF1237 /* TestData */ = {
			isa = PBXGroup;
			children = (
				F029C7D12C48675100380C8C /* 8069_archived.json */,
				F00EC64E2C38E55000AF1237 /* all.json */,
				F00EC64C2C38E52F00AF1237 /* 7057.json */,
			);
			path = TestData;
			sourceTree = "<group>";
		};
		F00EC6472C38929D00AF1237 /* MarketList */ = {
			isa = PBXGroup;
			children = (
				F00EC6482C3892A800AF1237 /* MarketListView.swift */,
				F00EC64A2C38969500AF1237 /* MarketContractListView.swift */,
			);
			path = MarketList;
			sourceTree = "<group>";
		};
		F00EC6592C3A386E00AF1237 /* Frameworks */ = {
			isa = PBXGroup;
			children = (
				F00EC65A2C3A386E00AF1237 /* WidgetKit.framework */,
				F00EC65C2C3A386E00AF1237 /* SwiftUI.framework */,
			);
			name = Frameworks;
			sourceTree = "<group>";
		};
		F00EC65E2C3A386E00AF1237 /* PredictionMarketWidget */ = {
			isa = PBXGroup;
			children = (
				F00EC65F2C3A386E00AF1237 /* PredictionMarketWidgetBundle.swift */,
				F00EC6612C3A386E00AF1237 /* PredictionMarketWidget.swift */,
				F00EC6632C3A386E00AF1237 /* AppIntent.swift */,
				F00EC6652C3A387000AF1237 /* Assets.xcassets */,
				F00EC6672C3A387000AF1237 /* Info.plist */,
				F00EC6932C3EF6E400AF1237 /* PredictionMarketWidgetEntryView.swift */,
			);
			path = PredictionMarketWidget;
			sourceTree = "<group>";
		};
		F00EC67A2C3B4B1F00AF1237 /* Extensions */ = {
			isa = PBXGroup;
			children = (
				F00EC67B2C3B4B2B00AF1237 /* UserDefaultsExtensions.swift */,
				F029C7DE2C49B9EF00380C8C /* ViewExtensions.swift */,
				F029C7E12C49C16100380C8C /* NSDataAssetExtensions.swift */,
			);
			path = Extensions;
			sourceTree = "<group>";
		};
		F00EC6852C3DD06D00AF1237 /* DB */ = {
			isa = PBXGroup;
			children = (
				F00EC6862C3DD07200AF1237 /* Models */,
			);
			path = DB;
			sourceTree = "<group>";
		};
		F00EC6862C3DD07200AF1237 /* Models */ = {
			isa = PBXGroup;
			children = (
				F00EC6872C3DD10D00AF1237 /* PreviousMarketDataModel.swift */,
				F00EC68A2C3DD18300AF1237 /* ContractEntryModel.swift */,
				F00EC6A42C437E2E00AF1237 /* MarketEntryModel.swift */,
			);
			path = Models;
			sourceTree = "<group>";
		};
		F00EC6972C3EFB6500AF1237 /* Widget */ = {
			isa = PBXGroup;
			children = (
				F00EC6A92C45CC6900AF1237 /* WidgetCache.swift */,
				F00EC6982C3EFB7A00AF1237 /* PriceValueView.swift */,
				F00EC6A72C44774100AF1237 /* TimelineProvider.swift */,
				F029C7D42C486B2D00380C8C /* WidgetURL.swift */,
				F029C7DA2C49B7EF00380C8C /* MarketArchivedView.swift */,
			);
			path = Widget;
			sourceTree = "<group>";
		};
/* End PBXGroup section */

/* Begin PBXNativeTarget section */
		F00EC6052C377EC900AF1237 /* PredictItWidget */ = {
			isa = PBXNativeTarget;
			buildConfigurationList = F00EC62A2C377ECA00AF1237 /* Build configuration list for PBXNativeTarget "PredictItWidget" */;
			buildPhases = (
				F00EC6022C377EC900AF1237 /* Sources */,
				F00EC6032C377EC900AF1237 /* Frameworks */,
				F00EC6042C377EC900AF1237 /* Resources */,
				F00EC66E2C3A387000AF1237 /* Embed Foundation Extensions */,
			);
			buildRules = (
			);
			dependencies = (
				F00EC6692C3A387000AF1237 /* PBXTargetDependency */,
			);
			name = PredictItWidget;
			packageProductDependencies = (
			);
			productName = PredictItWidget;
			productReference = F00EC6062C377EC900AF1237 /* PredictItWidget.app */;
			productType = "com.apple.product-type.application";
		};
		F00EC6152C377ECA00AF1237 /* PredictItWidgetTests */ = {
			isa = PBXNativeTarget;
			buildConfigurationList = F00EC62D2C377ECA00AF1237 /* Build configuration list for PBXNativeTarget "PredictItWidgetTests" */;
			buildPhases = (
				F00EC6122C377ECA00AF1237 /* Sources */,
				F00EC6132C377ECA00AF1237 /* Frameworks */,
				F00EC6142C377ECA00AF1237 /* Resources */,
			);
			buildRules = (
			);
			dependencies = (
				F00EC6182C377ECA00AF1237 /* PBXTargetDependency */,
			);
			name = PredictItWidgetTests;
			productName = PredictItWidgetTests;
			productReference = F00EC6162C377ECA00AF1237 /* PredictItWidgetTests.xctest */;
			productType = "com.apple.product-type.bundle.unit-test";
		};
		F00EC61F2C377ECA00AF1237 /* PredictItWidgetUITests */ = {
			isa = PBXNativeTarget;
			buildConfigurationList = F00EC6302C377ECA00AF1237 /* Build configuration list for PBXNativeTarget "PredictItWidgetUITests" */;
			buildPhases = (
				F00EC61C2C377ECA00AF1237 /* Sources */,
				F00EC61D2C377ECA00AF1237 /* Frameworks */,
				F00EC61E2C377ECA00AF1237 /* Resources */,
			);
			buildRules = (
			);
			dependencies = (
				F00EC6222C377ECA00AF1237 /* PBXTargetDependency */,
			);
			name = PredictItWidgetUITests;
			productName = PredictItWidgetUITests;
			productReference = F00EC6202C377ECA00AF1237 /* PredictItWidgetUITests.xctest */;
			productType = "com.apple.product-type.bundle.ui-testing";
		};
		F00EC6572C3A386E00AF1237 /* PredictionMarketWidgetExtension */ = {
			isa = PBXNativeTarget;
			buildConfigurationList = F00EC66B2C3A387000AF1237 /* Build configuration list for PBXNativeTarget "PredictionMarketWidgetExtension" */;
			buildPhases = (
				F00EC6542C3A386E00AF1237 /* Sources */,
				F00EC6552C3A386E00AF1237 /* Frameworks */,
				F00EC6562C3A386E00AF1237 /* Resources */,
			);
			buildRules = (
			);
			dependencies = (
			);
			name = PredictionMarketWidgetExtension;
			packageProductDependencies = (
			);
			productName = PredictionMarketWidgetExtension;
			productReference = F00EC6582C3A386E00AF1237 /* PredictionMarketWidgetExtension.appex */;
			productType = "com.apple.product-type.app-extension";
		};
/* End PBXNativeTarget section */

/* Begin PBXProject section */
		F00EC5FE2C377EC900AF1237 /* Project object */ = {
			isa = PBXProject;
			attributes = {
				BuildIndependentTargetsInParallel = 1;
				LastSwiftUpdateCheck = 1540;
				LastUpgradeCheck = 1540;
				TargetAttributes = {
					F00EC6052C377EC900AF1237 = {
						CreatedOnToolsVersion = 15.4;
					};
					F00EC6152C377ECA00AF1237 = {
						CreatedOnToolsVersion = 15.4;
						TestTargetID = F00EC6052C377EC900AF1237;
					};
					F00EC61F2C377ECA00AF1237 = {
						CreatedOnToolsVersion = 15.4;
						TestTargetID = F00EC6052C377EC900AF1237;
					};
					F00EC6572C3A386E00AF1237 = {
						CreatedOnToolsVersion = 15.4;
					};
				};
			};
			buildConfigurationList = F00EC6012C377EC900AF1237 /* Build configuration list for PBXProject "PredictItWidget" */;
			compatibilityVersion = "Xcode 14.0";
			developmentRegion = en;
			hasScannedForEncodings = 0;
			knownRegions = (
				en,
				Base,
			);
			mainGroup = F00EC5FD2C377EC900AF1237;
			packageReferences = (
			);
			productRefGroup = F00EC6072C377EC900AF1237 /* Products */;
			projectDirPath = "";
			projectRoot = "";
			targets = (
				F00EC6052C377EC900AF1237 /* PredictItWidget */,
				F00EC6152C377ECA00AF1237 /* PredictItWidgetTests */,
				F00EC61F2C377ECA00AF1237 /* PredictItWidgetUITests */,
				F00EC6572C3A386E00AF1237 /* PredictionMarketWidgetExtension */,
			);
		};
/* End PBXProject section */

/* Begin PBXResourcesBuildPhase section */
		F00EC6042C377EC900AF1237 /* Resources */ = {
			isa = PBXResourcesBuildPhase;
			buildActionMask = 2147483647;
			files = (
				F00EC6112C377ECA00AF1237 /* Preview Assets.xcassets in Resources */,
				F00EC60E2C377ECA00AF1237 /* Assets.xcassets in Resources */,
			);
			runOnlyForDeploymentPostprocessing = 0;
		};
		F00EC6142C377ECA00AF1237 /* Resources */ = {
			isa = PBXResourcesBuildPhase;
			buildActionMask = 2147483647;
			files = (
				F00EC64F2C38E55000AF1237 /* all.json in Resources */,
				F029C7D22C48675100380C8C /* 8069_archived.json in Resources */,
				F00EC64D2C38E52F00AF1237 /* 7057.json in Resources */,
			);
			runOnlyForDeploymentPostprocessing = 0;
		};
		F00EC61E2C377ECA00AF1237 /* Resources */ = {
			isa = PBXResourcesBuildPhase;
			buildActionMask = 2147483647;
			files = (
			);
			runOnlyForDeploymentPostprocessing = 0;
		};
		F00EC6562C3A386E00AF1237 /* Resources */ = {
			isa = PBXResourcesBuildPhase;
			buildActionMask = 2147483647;
			files = (
				F00EC6662C3A387000AF1237 /* Assets.xcassets in Resources */,
			);
			runOnlyForDeploymentPostprocessing = 0;
		};
/* End PBXResourcesBuildPhase section */

/* Begin PBXSourcesBuildPhase section */
		F00EC6022C377EC900AF1237 /* Sources */ = {
			isa = PBXSourcesBuildPhase;
			buildActionMask = 2147483647;
			files = (
				F029C7DF2C49B9EF00380C8C /* ViewExtensions.swift in Sources */,
				F00EC6A52C437E2E00AF1237 /* MarketEntryModel.swift in Sources */,
				F00EC6492C3892A800AF1237 /* MarketListView.swift in Sources */,
				F00EC6992C3EFB7A00AF1237 /* PriceValueView.swift in Sources */,
				F00EC67C2C3B4B2B00AF1237 /* UserDefaultsExtensions.swift in Sources */,
				F00EC6532C38E63B00AF1237 /* PIJSONMarketContract.swift in Sources */,
				F029C7E22C49C16100380C8C /* NSDataAssetExtensions.swift in Sources */,
				F00EC60C2C377EC900AF1237 /* ContentView.swift in Sources */,
				F00EC6912C3DDC1F00AF1237 /* PreviousMarketDataModel.swift in Sources */,
				F00EC60A2C377EC900AF1237 /* PredictItWidgetApp.swift in Sources */,
				F00EC6A12C4192CA00AF1237 /* CacheActor.swift in Sources */,
				F00EC6512C38E57100AF1237 /* PIJSONMarket.swift in Sources */,
				F029C7D82C486F4300380C8C /* AppViewModel.swift in Sources */,
				F00EC6922C3DDC2B00AF1237 /* ContractEntryModel.swift in Sources */,
				F00EC6372C3791D000AF1237 /* PredictItAPI.swift in Sources */,
				F00EC64B2C38969500AF1237 /* MarketContractListView.swift in Sources */,
				F00EC6A32C437B9E00AF1237 /* AppIntent.swift in Sources */,
				F029C7DB2C49B7EF00380C8C /* MarketArchivedView.swift in Sources */,
				F00EC6962C3EF82800AF1237 /* TimestampContainerView.swift in Sources */,
				F029C7D02C471AE100380C8C /* TimelineProvider.swift in Sources */,
				F029C7D52C486B2D00380C8C /* WidgetURL.swift in Sources */,
				F00EC6942C3EF6E400AF1237 /* PredictionMarketWidgetEntryView.swift in Sources */,
				F029C7CD2C46D0F700380C8C /* WidgetCache.swift in Sources */,
			);
			runOnlyForDeploymentPostprocessing = 0;
		};
		F00EC6122C377ECA00AF1237 /* Sources */ = {
			isa = PBXSourcesBuildPhase;
			buildActionMask = 2147483647;
			files = (
				F029C7CF2C47191F00380C8C /* TimelineProviderTests.swift in Sources */,
				F029C7CC2C46D03D00380C8C /* WidgetCacheTests.swift in Sources */,
				F00EC69F2C41900600AF1237 /* CacheActorTests.swift in Sources */,
				F00EC61B2C377ECA00AF1237 /* PredictItWidgetTests.swift in Sources */,
				F00EC6902C3DDB3B00AF1237 /* DBTests.swift in Sources */,
			);
			runOnlyForDeploymentPostprocessing = 0;
		};
		F00EC61C2C377ECA00AF1237 /* Sources */ = {
			isa = PBXSourcesBuildPhase;
			buildActionMask = 2147483647;
			files = (
				F00EC6252C377ECA00AF1237 /* PredictItWidgetUITests.swift in Sources */,
				F00EC6272C377ECA00AF1237 /* PredictItWidgetUITestsLaunchTests.swift in Sources */,
			);
			runOnlyForDeploymentPostprocessing = 0;
		};
		F00EC6542C3A386E00AF1237 /* Sources */ = {
			isa = PBXSourcesBuildPhase;
			buildActionMask = 2147483647;
			files = (
				F00EC6A62C437E2E00AF1237 /* MarketEntryModel.swift in Sources */,
				F00EC6892C3DD10D00AF1237 /* PreviousMarketDataModel.swift in Sources */,
				F029C7DC2C49B7EF00380C8C /* MarketArchivedView.swift in Sources */,
				F029C7D92C486F4300380C8C /* AppViewModel.swift in Sources */,
				F00EC6732C3A452100AF1237 /* PIJSONMarket.swift in Sources */,
				F00EC69A2C3EFB7A00AF1237 /* PriceValueView.swift in Sources */,
				F00EC6AA2C45CC6900AF1237 /* WidgetCache.swift in Sources */,
				F00EC6822C3C87E000AF1237 /* TimestampContainerView.swift in Sources */,
				F00EC6622C3A386E00AF1237 /* PredictionMarketWidget.swift in Sources */,
				F00EC6602C3A386E00AF1237 /* PredictionMarketWidgetBundle.swift in Sources */,
				F029C7E32C49C16100380C8C /* NSDataAssetExtensions.swift in Sources */,
				F00EC6952C3EF6E400AF1237 /* PredictionMarketWidgetEntryView.swift in Sources */,
				F029C7D62C486B2D00380C8C /* WidgetURL.swift in Sources */,
				F00EC6642C3A386E00AF1237 /* AppIntent.swift in Sources */,
				F00EC6A82C44774100AF1237 /* TimelineProvider.swift in Sources */,
				F00EC68C2C3DD18300AF1237 /* ContractEntryModel.swift in Sources */,
				F00EC67E2C3B4F5A00AF1237 /* UserDefaultsExtensions.swift in Sources */,
				F00EC6712C3A44D500AF1237 /* PredictItAPI.swift in Sources */,
				F00EC6722C3A451D00AF1237 /* PIJSONMarketContract.swift in Sources */,
				F029C7E02C49B9EF00380C8C /* ViewExtensions.swift in Sources */,
				F00EC6A22C4192CA00AF1237 /* CacheActor.swift in Sources */,
			);
			runOnlyForDeploymentPostprocessing = 0;
		};
/* End PBXSourcesBuildPhase section */

/* Begin PBXTargetDependency section */
		F00EC6182C377ECA00AF1237 /* PBXTargetDependency */ = {
			isa = PBXTargetDependency;
			target = F00EC6052C377EC900AF1237 /* PredictItWidget */;
			targetProxy = F00EC6172C377ECA00AF1237 /* PBXContainerItemProxy */;
		};
		F00EC6222C377ECA00AF1237 /* PBXTargetDependency */ = {
			isa = PBXTargetDependency;
			target = F00EC6052C377EC900AF1237 /* PredictItWidget */;
			targetProxy = F00EC6212C377ECA00AF1237 /* PBXContainerItemProxy */;
		};
		F00EC6692C3A387000AF1237 /* PBXTargetDependency */ = {
			isa = PBXTargetDependency;
			target = F00EC6572C3A386E00AF1237 /* PredictionMarketWidgetExtension */;
			targetProxy = F00EC6682C3A387000AF1237 /* PBXContainerItemProxy */;
		};
/* End PBXTargetDependency section */

/* Begin XCBuildConfiguration section */
		F00EC6282C377ECA00AF1237 /* Debug */ = {
			isa = XCBuildConfiguration;
			buildSettings = {
				ALWAYS_SEARCH_USER_PATHS = NO;
				ASSETCATALOG_COMPILER_GENERATE_SWIFT_ASSET_SYMBOL_EXTENSIONS = YES;
				CLANG_ANALYZER_NONNULL = YES;
				CLANG_ANALYZER_NUMBER_OBJECT_CONVERSION = YES_AGGRESSIVE;
				CLANG_CXX_LANGUAGE_STANDARD = "gnu++20";
				CLANG_ENABLE_MODULES = YES;
				CLANG_ENABLE_OBJC_ARC = YES;
				CLANG_ENABLE_OBJC_WEAK = YES;
				CLANG_WARN_BLOCK_CAPTURE_AUTORELEASING = YES;
				CLANG_WARN_BOOL_CONVERSION = YES;
				CLANG_WARN_COMMA = YES;
				CLANG_WARN_CONSTANT_CONVERSION = YES;
				CLANG_WARN_DEPRECATED_OBJC_IMPLEMENTATIONS = YES;
				CLANG_WARN_DIRECT_OBJC_ISA_USAGE = YES_ERROR;
				CLANG_WARN_DOCUMENTATION_COMMENTS = YES;
				CLANG_WARN_EMPTY_BODY = YES;
				CLANG_WARN_ENUM_CONVERSION = YES;
				CLANG_WARN_INFINITE_RECURSION = YES;
				CLANG_WARN_INT_CONVERSION = YES;
				CLANG_WARN_NON_LITERAL_NULL_CONVERSION = YES;
				CLANG_WARN_OBJC_IMPLICIT_RETAIN_SELF = YES;
				CLANG_WARN_OBJC_LITERAL_CONVERSION = YES;
				CLANG_WARN_OBJC_ROOT_CLASS = YES_ERROR;
				CLANG_WARN_QUOTED_INCLUDE_IN_FRAMEWORK_HEADER = YES;
				CLANG_WARN_RANGE_LOOP_ANALYSIS = YES;
				CLANG_WARN_STRICT_PROTOTYPES = YES;
				CLANG_WARN_SUSPICIOUS_MOVE = YES;
				CLANG_WARN_UNGUARDED_AVAILABILITY = YES_AGGRESSIVE;
				CLANG_WARN_UNREACHABLE_CODE = YES;
				CLANG_WARN__DUPLICATE_METHOD_MATCH = YES;
				COPY_PHASE_STRIP = NO;
				DEBUG_INFORMATION_FORMAT = dwarf;
				ENABLE_STRICT_OBJC_MSGSEND = YES;
				ENABLE_TESTABILITY = YES;
				ENABLE_USER_SCRIPT_SANDBOXING = YES;
				GCC_C_LANGUAGE_STANDARD = gnu17;
				GCC_DYNAMIC_NO_PIC = NO;
				GCC_NO_COMMON_BLOCKS = YES;
				GCC_OPTIMIZATION_LEVEL = 0;
				GCC_PREPROCESSOR_DEFINITIONS = (
					"DEBUG=1",
					"$(inherited)",
				);
				GCC_WARN_64_TO_32_BIT_CONVERSION = YES;
				GCC_WARN_ABOUT_RETURN_TYPE = YES_ERROR;
				GCC_WARN_UNDECLARED_SELECTOR = YES;
				GCC_WARN_UNINITIALIZED_AUTOS = YES_AGGRESSIVE;
				GCC_WARN_UNUSED_FUNCTION = YES;
				GCC_WARN_UNUSED_VARIABLE = YES;
				IPHONEOS_DEPLOYMENT_TARGET = 17.3;
				LOCALIZATION_PREFERS_STRING_CATALOGS = YES;
				MTL_ENABLE_DEBUG_INFO = INCLUDE_SOURCE;
				MTL_FAST_MATH = YES;
				ONLY_ACTIVE_ARCH = YES;
				SDKROOT = iphoneos;
				SWIFT_ACTIVE_COMPILATION_CONDITIONS = "DEBUG $(inherited)";
				SWIFT_OPTIMIZATION_LEVEL = "-Onone";
			};
			name = Debug;
		};
		F00EC6292C377ECA00AF1237 /* Release */ = {
			isa = XCBuildConfiguration;
			buildSettings = {
				ALWAYS_SEARCH_USER_PATHS = NO;
				ASSETCATALOG_COMPILER_GENERATE_SWIFT_ASSET_SYMBOL_EXTENSIONS = YES;
				CLANG_ANALYZER_NONNULL = YES;
				CLANG_ANALYZER_NUMBER_OBJECT_CONVERSION = YES_AGGRESSIVE;
				CLANG_CXX_LANGUAGE_STANDARD = "gnu++20";
				CLANG_ENABLE_MODULES = YES;
				CLANG_ENABLE_OBJC_ARC = YES;
				CLANG_ENABLE_OBJC_WEAK = YES;
				CLANG_WARN_BLOCK_CAPTURE_AUTORELEASING = YES;
				CLANG_WARN_BOOL_CONVERSION = YES;
				CLANG_WARN_COMMA = YES;
				CLANG_WARN_CONSTANT_CONVERSION = YES;
				CLANG_WARN_DEPRECATED_OBJC_IMPLEMENTATIONS = YES;
				CLANG_WARN_DIRECT_OBJC_ISA_USAGE = YES_ERROR;
				CLANG_WARN_DOCUMENTATION_COMMENTS = YES;
				CLANG_WARN_EMPTY_BODY = YES;
				CLANG_WARN_ENUM_CONVERSION = YES;
				CLANG_WARN_INFINITE_RECURSION = YES;
				CLANG_WARN_INT_CONVERSION = YES;
				CLANG_WARN_NON_LITERAL_NULL_CONVERSION = YES;
				CLANG_WARN_OBJC_IMPLICIT_RETAIN_SELF = YES;
				CLANG_WARN_OBJC_LITERAL_CONVERSION = YES;
				CLANG_WARN_OBJC_ROOT_CLASS = YES_ERROR;
				CLANG_WARN_QUOTED_INCLUDE_IN_FRAMEWORK_HEADER = YES;
				CLANG_WARN_RANGE_LOOP_ANALYSIS = YES;
				CLANG_WARN_STRICT_PROTOTYPES = YES;
				CLANG_WARN_SUSPICIOUS_MOVE = YES;
				CLANG_WARN_UNGUARDED_AVAILABILITY = YES_AGGRESSIVE;
				CLANG_WARN_UNREACHABLE_CODE = YES;
				CLANG_WARN__DUPLICATE_METHOD_MATCH = YES;
				COPY_PHASE_STRIP = NO;
				DEBUG_INFORMATION_FORMAT = "dwarf-with-dsym";
				ENABLE_NS_ASSERTIONS = NO;
				ENABLE_STRICT_OBJC_MSGSEND = YES;
				ENABLE_USER_SCRIPT_SANDBOXING = YES;
				GCC_C_LANGUAGE_STANDARD = gnu17;
				GCC_NO_COMMON_BLOCKS = YES;
				GCC_WARN_64_TO_32_BIT_CONVERSION = YES;
				GCC_WARN_ABOUT_RETURN_TYPE = YES_ERROR;
				GCC_WARN_UNDECLARED_SELECTOR = YES;
				GCC_WARN_UNINITIALIZED_AUTOS = YES_AGGRESSIVE;
				GCC_WARN_UNUSED_FUNCTION = YES;
				GCC_WARN_UNUSED_VARIABLE = YES;
				IPHONEOS_DEPLOYMENT_TARGET = 17.3;
				LOCALIZATION_PREFERS_STRING_CATALOGS = YES;
				MTL_ENABLE_DEBUG_INFO = NO;
				MTL_FAST_MATH = YES;
				SDKROOT = iphoneos;
				SWIFT_COMPILATION_MODE = wholemodule;
				VALIDATE_PRODUCT = YES;
			};
			name = Release;
		};
		F00EC62B2C377ECA00AF1237 /* Debug */ = {
			isa = XCBuildConfiguration;
			buildSettings = {
				ALWAYS_EMBED_SWIFT_STANDARD_LIBRARIES = YES;
				ASSETCATALOG_COMPILER_APPICON_NAME = AppIcon;
				ASSETCATALOG_COMPILER_GLOBAL_ACCENT_COLOR_NAME = AccentColor;
				CODE_SIGN_ENTITLEMENTS = PredictItWidget/PredictItWidget.entitlements;
				CODE_SIGN_STYLE = Automatic;
				CURRENT_PROJECT_VERSION = 1;
				DEVELOPMENT_ASSET_PATHS = "\"PredictItWidget/Preview Content\"";
				DEVELOPMENT_TEAM = Q49KLF9VPG;
				ENABLE_PREVIEWS = YES;
				GENERATE_INFOPLIST_FILE = YES;
				INFOPLIST_FILE = PredictItWidget/Info.plist;
				INFOPLIST_KEY_UIApplicationSceneManifest_Generation = YES;
				INFOPLIST_KEY_UIApplicationSupportsIndirectInputEvents = YES;
				INFOPLIST_KEY_UILaunchScreen_Generation = YES;
				INFOPLIST_KEY_UISupportedInterfaceOrientations_iPad = "UIInterfaceOrientationPortrait UIInterfaceOrientationPortraitUpsideDown UIInterfaceOrientationLandscapeLeft UIInterfaceOrientationLandscapeRight";
				INFOPLIST_KEY_UISupportedInterfaceOrientations_iPhone = "UIInterfaceOrientationPortrait UIInterfaceOrientationLandscapeLeft UIInterfaceOrientationLandscapeRight";
				IPHONEOS_DEPLOYMENT_TARGET = 17.3;
				LD_RUNPATH_SEARCH_PATHS = (
					"$(inherited)",
					"@executable_path/Frameworks",
				);
				MARKETING_VERSION = 1.0;
				PRODUCT_BUNDLE_IDENTIFIER = com.goatfish.PredictItWidget;
				PRODUCT_NAME = "$(TARGET_NAME)";
				SWIFT_EMIT_LOC_STRINGS = YES;
				SWIFT_VERSION = 5.0;
				TARGETED_DEVICE_FAMILY = "1,2";
			};
			name = Debug;
		};
		F00EC62C2C377ECA00AF1237 /* Release */ = {
			isa = XCBuildConfiguration;
			buildSettings = {
				ALWAYS_EMBED_SWIFT_STANDARD_LIBRARIES = YES;
				ASSETCATALOG_COMPILER_APPICON_NAME = AppIcon;
				ASSETCATALOG_COMPILER_GLOBAL_ACCENT_COLOR_NAME = AccentColor;
				CODE_SIGN_ENTITLEMENTS = PredictItWidget/PredictItWidget.entitlements;
				CODE_SIGN_STYLE = Automatic;
				CURRENT_PROJECT_VERSION = 1;
				DEVELOPMENT_ASSET_PATHS = "\"PredictItWidget/Preview Content\"";
				DEVELOPMENT_TEAM = Q49KLF9VPG;
				ENABLE_PREVIEWS = YES;
				GENERATE_INFOPLIST_FILE = YES;
				INFOPLIST_FILE = PredictItWidget/Info.plist;
				INFOPLIST_KEY_UIApplicationSceneManifest_Generation = YES;
				INFOPLIST_KEY_UIApplicationSupportsIndirectInputEvents = YES;
				INFOPLIST_KEY_UILaunchScreen_Generation = YES;
				INFOPLIST_KEY_UISupportedInterfaceOrientations_iPad = "UIInterfaceOrientationPortrait UIInterfaceOrientationPortraitUpsideDown UIInterfaceOrientationLandscapeLeft UIInterfaceOrientationLandscapeRight";
				INFOPLIST_KEY_UISupportedInterfaceOrientations_iPhone = "UIInterfaceOrientationPortrait UIInterfaceOrientationLandscapeLeft UIInterfaceOrientationLandscapeRight";
				IPHONEOS_DEPLOYMENT_TARGET = 17.3;
				LD_RUNPATH_SEARCH_PATHS = (
					"$(inherited)",
					"@executable_path/Frameworks",
				);
				MARKETING_VERSION = 1.0;
				PRODUCT_BUNDLE_IDENTIFIER = com.goatfish.PredictItWidget;
				PRODUCT_NAME = "$(TARGET_NAME)";
				SWIFT_EMIT_LOC_STRINGS = YES;
				SWIFT_VERSION = 5.0;
				TARGETED_DEVICE_FAMILY = "1,2";
			};
			name = Release;
		};
		F00EC62E2C377ECA00AF1237 /* Debug */ = {
			isa = XCBuildConfiguration;
			buildSettings = {
				ALWAYS_EMBED_SWIFT_STANDARD_LIBRARIES = YES;
				BUNDLE_LOADER = "$(TEST_HOST)";
				CODE_SIGN_STYLE = Automatic;
				CURRENT_PROJECT_VERSION = 1;
				DEVELOPMENT_TEAM = Q49KLF9VPG;
				GENERATE_INFOPLIST_FILE = YES;
				IPHONEOS_DEPLOYMENT_TARGET = 17.3;
				MARKETING_VERSION = 1.0;
				PRODUCT_BUNDLE_IDENTIFIER = com.goatfish.PredictItWidgetTests;
				PRODUCT_NAME = "$(TARGET_NAME)";
				SWIFT_EMIT_LOC_STRINGS = NO;
				SWIFT_VERSION = 5.0;
				TARGETED_DEVICE_FAMILY = "1,2";
				TEST_HOST = "$(BUILT_PRODUCTS_DIR)/PredictItWidget.app/$(BUNDLE_EXECUTABLE_FOLDER_PATH)/PredictItWidget";
			};
			name = Debug;
		};
		F00EC62F2C377ECA00AF1237 /* Release */ = {
			isa = XCBuildConfiguration;
			buildSettings = {
				ALWAYS_EMBED_SWIFT_STANDARD_LIBRARIES = YES;
				BUNDLE_LOADER = "$(TEST_HOST)";
				CODE_SIGN_STYLE = Automatic;
				CURRENT_PROJECT_VERSION = 1;
				DEVELOPMENT_TEAM = Q49KLF9VPG;
				GENERATE_INFOPLIST_FILE = YES;
				IPHONEOS_DEPLOYMENT_TARGET = 17.3;
				MARKETING_VERSION = 1.0;
				PRODUCT_BUNDLE_IDENTIFIER = com.goatfish.PredictItWidgetTests;
				PRODUCT_NAME = "$(TARGET_NAME)";
				SWIFT_EMIT_LOC_STRINGS = NO;
				SWIFT_VERSION = 5.0;
				TARGETED_DEVICE_FAMILY = "1,2";
				TEST_HOST = "$(BUILT_PRODUCTS_DIR)/PredictItWidget.app/$(BUNDLE_EXECUTABLE_FOLDER_PATH)/PredictItWidget";
			};
			name = Release;
		};
		F00EC6312C377ECA00AF1237 /* Debug */ = {
			isa = XCBuildConfiguration;
			buildSettings = {
				ALWAYS_EMBED_SWIFT_STANDARD_LIBRARIES = YES;
				CODE_SIGN_STYLE = Automatic;
				CURRENT_PROJECT_VERSION = 1;
				DEVELOPMENT_TEAM = Q49KLF9VPG;
				GENERATE_INFOPLIST_FILE = YES;
				IPHONEOS_DEPLOYMENT_TARGET = 17.3;
				MARKETING_VERSION = 1.0;
				PRODUCT_BUNDLE_IDENTIFIER = com.goatfish.PredictItWidgetUITests;
				PRODUCT_NAME = "$(TARGET_NAME)";
				SWIFT_EMIT_LOC_STRINGS = NO;
				SWIFT_VERSION = 5.0;
				TARGETED_DEVICE_FAMILY = "1,2";
				TEST_TARGET_NAME = PredictItWidget;
			};
			name = Debug;
		};
		F00EC6322C377ECA00AF1237 /* Release */ = {
			isa = XCBuildConfiguration;
			buildSettings = {
				ALWAYS_EMBED_SWIFT_STANDARD_LIBRARIES = YES;
				CODE_SIGN_STYLE = Automatic;
				CURRENT_PROJECT_VERSION = 1;
				DEVELOPMENT_TEAM = Q49KLF9VPG;
				GENERATE_INFOPLIST_FILE = YES;
				IPHONEOS_DEPLOYMENT_TARGET = 17.3;
				MARKETING_VERSION = 1.0;
				PRODUCT_BUNDLE_IDENTIFIER = com.goatfish.PredictItWidgetUITests;
				PRODUCT_NAME = "$(TARGET_NAME)";
				SWIFT_EMIT_LOC_STRINGS = NO;
				SWIFT_VERSION = 5.0;
				TARGETED_DEVICE_FAMILY = "1,2";
				TEST_TARGET_NAME = PredictItWidget;
			};
			name = Release;
		};
		F00EC66C2C3A387000AF1237 /* Debug */ = {
			isa = XCBuildConfiguration;
			buildSettings = {
				ASSETCATALOG_COMPILER_GLOBAL_ACCENT_COLOR_NAME = AccentColor;
				ASSETCATALOG_COMPILER_WIDGET_BACKGROUND_COLOR_NAME = WidgetBackground;
				CODE_SIGN_ENTITLEMENTS = PredictionMarketWidgetExtension.entitlements;
				CODE_SIGN_STYLE = Automatic;
				CURRENT_PROJECT_VERSION = 1;
				DEVELOPMENT_TEAM = Q49KLF9VPG;
				GENERATE_INFOPLIST_FILE = YES;
				INFOPLIST_FILE = PredictionMarketWidget/Info.plist;
				INFOPLIST_KEY_CFBundleDisplayName = PredictionMarketWidget;
				INFOPLIST_KEY_NSHumanReadableCopyright = "";
				IPHONEOS_DEPLOYMENT_TARGET = 17.3;
				LD_RUNPATH_SEARCH_PATHS = (
					"$(inherited)",
					"@executable_path/Frameworks",
					"@executable_path/../../Frameworks",
				);
				MARKETING_VERSION = 1.0;
				PRODUCT_BUNDLE_IDENTIFIER = com.goatfish.PredictItWidget.PredictionMarketWidget;
				PRODUCT_NAME = "$(TARGET_NAME)";
				SKIP_INSTALL = YES;
				SWIFT_EMIT_LOC_STRINGS = YES;
				SWIFT_VERSION = 5.0;
				TARGETED_DEVICE_FAMILY = "1,2";
			};
			name = Debug;
		};
		F00EC66D2C3A387000AF1237 /* Release */ = {
			isa = XCBuildConfiguration;
			buildSettings = {
				ASSETCATALOG_COMPILER_GLOBAL_ACCENT_COLOR_NAME = AccentColor;
				ASSETCATALOG_COMPILER_WIDGET_BACKGROUND_COLOR_NAME = WidgetBackground;
				CODE_SIGN_ENTITLEMENTS = PredictionMarketWidgetExtension.entitlements;
				CODE_SIGN_STYLE = Automatic;
				CURRENT_PROJECT_VERSION = 1;
				DEVELOPMENT_TEAM = Q49KLF9VPG;
				GENERATE_INFOPLIST_FILE = YES;
				INFOPLIST_FILE = PredictionMarketWidget/Info.plist;
				INFOPLIST_KEY_CFBundleDisplayName = PredictionMarketWidget;
				INFOPLIST_KEY_NSHumanReadableCopyright = "";
				IPHONEOS_DEPLOYMENT_TARGET = 17.3;
				LD_RUNPATH_SEARCH_PATHS = (
					"$(inherited)",
					"@executable_path/Frameworks",
					"@executable_path/../../Frameworks",
				);
				MARKETING_VERSION = 1.0;
				PRODUCT_BUNDLE_IDENTIFIER = com.goatfish.PredictItWidget.PredictionMarketWidget;
				PRODUCT_NAME = "$(TARGET_NAME)";
				SKIP_INSTALL = YES;
				SWIFT_EMIT_LOC_STRINGS = YES;
				SWIFT_VERSION = 5.0;
				TARGETED_DEVICE_FAMILY = "1,2";
			};
			name = Release;
		};
/* End XCBuildConfiguration section */

/* Begin XCConfigurationList section */
		F00EC6012C377EC900AF1237 /* Build configuration list for PBXProject "PredictItWidget" */ = {
			isa = XCConfigurationList;
			buildConfigurations = (
				F00EC6282C377ECA00AF1237 /* Debug */,
				F00EC6292C377ECA00AF1237 /* Release */,
			);
			defaultConfigurationIsVisible = 0;
			defaultConfigurationName = Release;
		};
		F00EC62A2C377ECA00AF1237 /* Build configuration list for PBXNativeTarget "PredictItWidget" */ = {
			isa = XCConfigurationList;
			buildConfigurations = (
				F00EC62B2C377ECA00AF1237 /* Debug */,
				F00EC62C2C377ECA00AF1237 /* Release */,
			);
			defaultConfigurationIsVisible = 0;
			defaultConfigurationName = Release;
		};
		F00EC62D2C377ECA00AF1237 /* Build configuration list for PBXNativeTarget "PredictItWidgetTests" */ = {
			isa = XCConfigurationList;
			buildConfigurations = (
				F00EC62E2C377ECA00AF1237 /* Debug */,
				F00EC62F2C377ECA00AF1237 /* Release */,
			);
			defaultConfigurationIsVisible = 0;
			defaultConfigurationName = Release;
		};
		F00EC6302C377ECA00AF1237 /* Build configuration list for PBXNativeTarget "PredictItWidgetUITests" */ = {
			isa = XCConfigurationList;
			buildConfigurations = (
				F00EC6312C377ECA00AF1237 /* Debug */,
				F00EC6322C377ECA00AF1237 /* Release */,
			);
			defaultConfigurationIsVisible = 0;
			defaultConfigurationName = Release;
		};
		F00EC66B2C3A387000AF1237 /* Build configuration list for PBXNativeTarget "PredictionMarketWidgetExtension" */ = {
			isa = XCConfigurationList;
			buildConfigurations = (
				F00EC66C2C3A387000AF1237 /* Debug */,
				F00EC66D2C3A387000AF1237 /* Release */,
			);
			defaultConfigurationIsVisible = 0;
			defaultConfigurationName = Release;
		};
/* End XCConfigurationList section */
	};
	rootObject = F00EC5FE2C377EC900AF1237 /* Project object */;
}
